{
  "name": "@gladysassistant/theme-optimized",
  "version": "1.0.2",
  "lockfileVersion": 2,
  "requires": true,
  "packages": {
    "": {
      "name": "@gladysassistant/theme-optimized",
      "version": "1.0.2",
      "license": "ISC",
      "dependencies": {
        "@tabler/icons-webfont": "^2.1.2"
      }
    },
    "node_modules/@tabler/icons": {
      "version": "2.1.2",
      "resolved": "https://registry.npmjs.org/@tabler/icons/-/icons-2.1.2.tgz",
      "integrity": "sha512-+CPB+BSqVDP4+/d+cHSaGwG460C3sob7EJkQ+ZS8xV6bRER64OsCP92O7M+uYBhJFDWuf6poCeSETNZNcFa2nA==",
      "funding": {
        "type": "github",
        "url": "https://github.com/sponsors/codecalm"
      }
    },
    "node_modules/@tabler/icons-webfont": {
      "version": "2.1.2",
      "resolved": "https://registry.npmjs.org/@tabler/icons-webfont/-/icons-webfont-2.1.2.tgz",
      "integrity": "sha512-UoLIUeaZSDH4ORAbxvt/jO3RZ4AjaNV/qw7LXMWmEfsDUY3teaB4xrwW1WkyMqMU1HjkX5dR1z7P8Ajxxucjyw==",
      "dependencies": {
        "@tabler/icons": "2.1.2"
      },
      "funding": {
        "type": "github",
        "url": "https://github.com/sponsors/codecalm"
      }
    }
  },
  "dependencies": {
    "@tabler/icons": {
      "version": "2.1.2",
      "resolved": "https://registry.npmjs.org/@tabler/icons/-/icons-2.1.2.tgz",
      "integrity": "sha512-+CPB+BSqVDP4+/d+cHSaGwG460C3sob7EJkQ+ZS8xV6bRER64OsCP92O7M+uYBhJFDWuf6poCeSETNZNcFa2nA=="
    },
    "@tabler/icons-webfont": {
      "version": "2.1.2",
      "resolved": "https://registry.npmjs.org/@tabler/icons-webfont/-/icons-webfont-2.1.2.tgz",
      "integrity": "sha512-UoLIUeaZSDH4ORAbxvt/jO3RZ4AjaNV/qw7LXMWmEfsDUY3teaB4xrwW1WkyMqMU1HjkX5dR1z7P8Ajxxucjyw==",
      "requires": {
        "@tabler/icons": "2.1.2"
      }
    }
  }
}
